
Microsoft Visual Studio Solution File, Format Version 12.00
# Visual Studio Version 16
VisualStudioVersion = 16.0.30717.126
MinimumVisualStudioVersion = 10.0.40219.1
Project("{9A19103F-16F7-4668-BE54-9A1E7A4F7556}") = "RazorPageHotel", "RazorPageHotel\RazorPageHotel.csproj", "{69A0992A-C4BA-42BB-8E14-928C0E495D88}"
EndProject
Project("{FAE04EC0-301F-11D3-BF4B-00C04F79EFBC}") = "UnitTestingRazorPageHotel", "UnitTestingRazorPageHotel\UnitTestingRazorPageHotel.csproj", "{5011F47A-5081-4F18-9BB1-90C8419CF5A8}"
EndProject
Global
	GlobalSection(SolutionConfigurationPlatforms) = preSolution
		Debug|Any CPU = Debug|Any CPU
		Release|Any CPU = Release|Any CPU
	EndGlobalSection
	GlobalSection(ProjectConfigurationPlatforms) = postSolution
		{69A0992A-C4BA-42BB-8E14-928C0E495D88}.Debug|Any CPU.ActiveCfg = Debug|Any CPU
		{69A0992A-C4BA-42BB-8E14-928C0E495D88}.Debug|Any CPU.Build.0 = Debug|Any CPU
		{69A0992A-C4BA-42BB-8E14-928C0E495D88}.Release|Any CPU.ActiveCfg = Release|Any CPU
		{69A0992A-C4BA-42BB-8E14-928C0E495D88}.Release|Any CPU.Build.0 = Release|Any CPU
		{5011F47A-5081-4F18-9BB1-90C8419CF5A8}.Debug|Any CPU.ActiveCfg = Debug|Any CPU
		{5011F47A-5081-4F18-9BB1-90C8419CF5A8}.Debug|Any CPU.Build.0 = Debug|Any CPU
		{5011F47A-5081-4F18-9BB1-90C8419CF5A8}.Release|Any CPU.ActiveCfg = Release|Any CPU
		{5011F47A-5081-4F18-9BB1-90C8419CF5A8}.Release|Any CPU.Build.0 = Release|Any CPU
	EndGlobalSection
	GlobalSection(SolutionProperties) = preSolution
		HideSolutionNode = FALSE
	EndGlobalSection
	GlobalSection(ExtensibilityGlobals) = postSolution
		SolutionGuid = {AECBE8A7-0D4F-4589-B752-169C4CD9469A}
	EndGlobalSection
EndGlobal
